
Microsoft Visual Studio Solution File, Format Version 12.00
# Visual Studio Version 16
VisualStudioVersion = 16.0.31019.35
MinimumVisualStudioVersion = 10.0.40219.1
Project("{8BC9CEB8-8B4A-11D0-8D11-00A0C91BC942}") = "SocketLibrary", "SocketLibrary\SocketLibrary.vcxproj", "{282A7417-7ED9-435A-9F89-49385695EA1E}"
EndProject
Project("{8BC9CEB8-8B4A-11D0-8D11-00A0C91BC942}") = "EchoUDPClient", "EchoUDPClient\EchoUDPClient.vcxproj", "{FB8F00C2-DE6D-499E-8A82-3C49ADE60BC8}"
EndProject
Project("{8BC9CEB8-8B4A-11D0-8D11-00A0C91BC942}") = "EchoUDPServer", "EchoUDPServer\EchoUDPServer.vcxproj", "{D649F0DD-2F6E-49F1-B8E2-91DBB1D86E04}"
EndProject
Project("{8BC9CEB8-8B4A-11D0-8D11-00A0C91BC942}") = "EchoTCPServer", "EchoTCPServer\EchoTCPServer.vcxproj", "{B34C4A98-9D65-4778-83F3-41E36A716C24}"
EndProject
Project("{8BC9CEB8-8B4A-11D0-8D11-00A0C91BC942}") = "EchoTCPClient", "EchoTCPClient\EchoTCPClient.vcxproj", "{05DD42D5-A229-4E8C-8E12-2D831B14339D}"
EndProject
Project("{8BC9CEB8-8B4A-11D0-8D11-00A0C91BC942}") = "EchoTCPSelectServer", "EchoTCPSelectServer\EchoTCPSelectServer.vcxproj", "{27FEEE59-B285-44EE-8052-E4B295FB8032}"
EndProject
Project("{8BC9CEB8-8B4A-11D0-8D11-00A0C91BC942}") = "EchoTCPSelectClient", "EchoTCPSelectClient\EchoTCPSelectClient.vcxproj", "{2EB25553-7D74-4FC0-ABD5-0666119A4B95}"
EndProject
Global
	GlobalSection(SolutionConfigurationPlatforms) = preSolution
		Debug|x64 = Debug|x64
		Debug|x86 = Debug|x86
		Release|x64 = Release|x64
		Release|x86 = Release|x86
	EndGlobalSection
	GlobalSection(ProjectConfigurationPlatforms) = postSolution
		{282A7417-7ED9-435A-9F89-49385695EA1E}.Debug|x64.ActiveCfg = Debug|x64
		{282A7417-7ED9-435A-9F89-49385695EA1E}.Debug|x64.Build.0 = Debug|x64
		{282A7417-7ED9-435A-9F89-49385695EA1E}.Debug|x86.ActiveCfg = Debug|Win32
		{282A7417-7ED9-435A-9F89-49385695EA1E}.Debug|x86.Build.0 = Debug|Win32
		{282A7417-7ED9-435A-9F89-49385695EA1E}.Release|x64.ActiveCfg = Release|x64
		{282A7417-7ED9-435A-9F89-49385695EA1E}.Release|x64.Build.0 = Release|x64
		{282A7417-7ED9-435A-9F89-49385695EA1E}.Release|x86.ActiveCfg = Release|Win32
		{282A7417-7ED9-435A-9F89-49385695EA1E}.Release|x86.Build.0 = Release|Win32
		{FB8F00C2-DE6D-499E-8A82-3C49ADE60BC8}.Debug|x64.ActiveCfg = Debug|x64
		{FB8F00C2-DE6D-499E-8A82-3C49ADE60BC8}.Debug|x64.Build.0 = Debug|x64
		{FB8F00C2-DE6D-499E-8A82-3C49ADE60BC8}.Debug|x86.ActiveCfg = Debug|Win32
		{FB8F00C2-DE6D-499E-8A82-3C49ADE60BC8}.Debug|x86.Build.0 = Debug|Win32
		{FB8F00C2-DE6D-499E-8A82-3C49ADE60BC8}.Release|x64.ActiveCfg = Release|x64
		{FB8F00C2-DE6D-499E-8A82-3C49ADE60BC8}.Release|x64.Build.0 = Release|x64
		{FB8F00C2-DE6D-499E-8A82-3C49ADE60BC8}.Release|x86.ActiveCfg = Release|Win32
		{FB8F00C2-DE6D-499E-8A82-3C49ADE60BC8}.Release|x86.Build.0 = Release|Win32
		{D649F0DD-2F6E-49F1-B8E2-91DBB1D86E04}.Debug|x64.ActiveCfg = Debug|x64
		{D649F0DD-2F6E-49F1-B8E2-91DBB1D86E04}.Debug|x64.Build.0 = Debug|x64
		{D649F0DD-2F6E-49F1-B8E2-91DBB1D86E04}.Debug|x86.ActiveCfg = Debug|Win32
		{D649F0DD-2F6E-49F1-B8E2-91DBB1D86E04}.Debug|x86.Build.0 = Debug|Win32
		{D649F0DD-2F6E-49F1-B8E2-91DBB1D86E04}.Release|x64.ActiveCfg = Release|x64
		{D649F0DD-2F6E-49F1-B8E2-91DBB1D86E04}.Release|x64.Build.0 = Release|x64
		{D649F0DD-2F6E-49F1-B8E2-91DBB1D86E04}.Release|x86.ActiveCfg = Release|Win32
		{D649F0DD-2F6E-49F1-B8E2-91DBB1D86E04}.Release|x86.Build.0 = Release|Win32
		{B34C4A98-9D65-4778-83F3-41E36A716C24}.Debug|x64.ActiveCfg = Debug|x64
		{B34C4A98-9D65-4778-83F3-41E36A716C24}.Debug|x64.Build.0 = Debug|x64
		{B34C4A98-9D65-4778-83F3-41E36A716C24}.Debug|x86.ActiveCfg = Debug|Win32
		{B34C4A98-9D65-4778-83F3-41E36A716C24}.Debug|x86.Build.0 = Debug|Win32
		{B34C4A98-9D65-4778-83F3-41E36A716C24}.Release|x64.ActiveCfg = Release|x64
		{B34C4A98-9D65-4778-83F3-41E36A716C24}.Release|x64.Build.0 = Release|x64
		{B34C4A98-9D65-4778-83F3-41E36A716C24}.Release|x86.ActiveCfg = Release|Win32
		{B34C4A98-9D65-4778-83F3-41E36A716C24}.Release|x86.Build.0 = Release|Win32
		{05DD42D5-A229-4E8C-8E12-2D831B14339D}.Debug|x64.ActiveCfg = Debug|x64
		{05DD42D5-A229-4E8C-8E12-2D831B14339D}.Debug|x64.Build.0 = Debug|x64
		{05DD42D5-A229-4E8C-8E12-2D831B14339D}.Debug|x86.ActiveCfg = Debug|Win32
		{05DD42D5-A229-4E8C-8E12-2D831B14339D}.Debug|x86.Build.0 = Debug|Win32
		{05DD42D5-A229-4E8C-8E12-2D831B14339D}.Release|x64.ActiveCfg = Release|x64
		{05DD42D5-A229-4E8C-8E12-2D831B14339D}.Release|x64.Build.0 = Release|x64
		{05DD42D5-A229-4E8C-8E12-2D831B14339D}.Release|x86.ActiveCfg = Release|Win32
		{05DD42D5-A229-4E8C-8E12-2D831B14339D}.Release|x86.Build.0 = Release|Win32
		{27FEEE59-B285-44EE-8052-E4B295FB8032}.Debug|x64.ActiveCfg = Debug|x64
		{27FEEE59-B285-44EE-8052-E4B295FB8032}.Debug|x64.Build.0 = Debug|x64
		{27FEEE59-B285-44EE-8052-E4B295FB8032}.Debug|x86.ActiveCfg = Debug|Win32
		{27FEEE59-B285-44EE-8052-E4B295FB8032}.Debug|x86.Build.0 = Debug|Win32
		{27FEEE59-B285-44EE-8052-E4B295FB8032}.Release|x64.ActiveCfg = Release|x64
		{27FEEE59-B285-44EE-8052-E4B295FB8032}.Release|x64.Build.0 = Release|x64
		{27FEEE59-B285-44EE-8052-E4B295FB8032}.Release|x86.ActiveCfg = Release|Win32
		{27FEEE59-B285-44EE-8052-E4B295FB8032}.Release|x86.Build.0 = Release|Win32
		{2EB25553-7D74-4FC0-ABD5-0666119A4B95}.Debug|x64.ActiveCfg = Debug|x64
		{2EB25553-7D74-4FC0-ABD5-0666119A4B95}.Debug|x64.Build.0 = Debug|x64
		{2EB25553-7D74-4FC0-ABD5-0666119A4B95}.Debug|x86.ActiveCfg = Debug|Win32
		{2EB25553-7D74-4FC0-ABD5-0666119A4B95}.Debug|x86.Build.0 = Debug|Win32
		{2EB25553-7D74-4FC0-ABD5-0666119A4B95}.Release|x64.ActiveCfg = Release|x64
		{2EB25553-7D74-4FC0-ABD5-0666119A4B95}.Release|x64.Build.0 = Release|x64
		{2EB25553-7D74-4FC0-ABD5-0666119A4B95}.Release|x86.ActiveCfg = Release|Win32
		{2EB25553-7D74-4FC0-ABD5-0666119A4B95}.Release|x86.Build.0 = Release|Win32
	EndGlobalSection
	GlobalSection(SolutionProperties) = preSolution
		HideSolutionNode = FALSE
	EndGlobalSection
	GlobalSection(ExtensibilityGlobals) = postSolution
		SolutionGuid = {3D53B2FC-A790-4288-8FFD-2868092C002C}
	EndGlobalSection
EndGlobal
